PODS:
  - Bolts (1.9.0):
    - Bolts/AppLinks (= 1.9.0)
    - Bolts/Tasks (= 1.9.0)
  - Bolts/AppLinks (1.9.0):
    - Bolts/Tasks
  - Bolts/Tasks (1.9.0)
  - BulletinBoard (1.3.0)
  - FacebookCore (0.3.0):
    - Bolts (~> 1.8)
    - FBSDKCoreKit (~> 4.27)
  - FacebookLogin (0.3.0):
    - Bolts (~> 1.8)
    - FacebookCore (~> 0.3)
    - FBSDKCoreKit (~> 4.27)
    - FBSDKLoginKit (~> 4.27)
  - FacebookShare (0.3.0):
    - Bolts (~> 1.8)
    - FacebookCore (~> 0.3)
    - FBSDKCoreKit (~> 4.27)
    - FBSDKShareKit (~> 4.27)
  - FBSDKCoreKit (4.32.0):
    - Bolts (~> 1.7)
  - FBSDKLoginKit (4.32.0):
    - FBSDKCoreKit
  - FBSDKShareKit (4.32.0):
    - FBSDKCoreKit (~> 4.32.0)
  - Firebase/AdMob (4.7.0):
    - Firebase/Core
    - Google-Mobile-Ads-SDK (= 7.26.0)
  - Firebase/Auth (4.7.0):
    - Firebase/Core
    - FirebaseAuth (= 4.4.0)
  - Firebase/Core (4.7.0):
    - FirebaseAnalytics (= 4.0.5)
    - FirebaseCore (= 4.0.12)
  - Firebase/Crash (4.7.0):
    - Firebase/Core
    - FirebaseCrash (= 2.0.2)
  - Firebase/Database (4.7.0):
    - Firebase/Core
    - FirebaseDatabase (= 4.1.2)
  - Firebase/DynamicLinks (4.7.0):
    - Firebase/Core
    - FirebaseDynamicLinks (= 2.3.0)
  - Firebase/Invites (4.7.0):
    - Firebase/Core
    - FirebaseInvites (= 2.0.2)
  - Firebase/Messaging (4.7.0):
    - Firebase/Core
    - FirebaseMessaging (= 2.0.7)
  - Firebase/RemoteConfig (4.7.0):
    - Firebase/Core
    - FirebaseRemoteConfig (= 2.1.0)
  - Firebase/Storage (4.7.0):
    - Firebase/Core
    - FirebaseStorage (= 2.1.0)
  - FirebaseABTesting (1.0.0):
    - FirebaseCore (~> 4.0)
    - Protobuf (~> 3.1)
  - FirebaseAnalytics (4.0.5):
    - FirebaseCore (~> 4.0)
    - FirebaseInstanceID (~> 2.0)
    - GoogleToolboxForMac/NSData+zlib (~> 2.1)
    - nanopb (~> 0.3)
  - FirebaseAuth (4.4.0):
    - FirebaseAnalytics (~> 4.0)
    - GoogleToolboxForMac/NSDictionary+URLArguments (~> 2.1)
    - GTMSessionFetcher/Core (~> 1.1)
  - FirebaseCore (4.0.12):
    - GoogleToolboxForMac/NSData+zlib (~> 2.1)
  - FirebaseCrash (2.0.2):
    - FirebaseAnalytics (~> 4.0)
    - FirebaseInstanceID (~> 2.0)
    - GoogleToolboxForMac/Logger (~> 2.1)
    - GoogleToolboxForMac/NSData+zlib (~> 2.1)
    - Protobuf (~> 3.1)
  - FirebaseDatabase (4.1.2):
    - FirebaseAnalytics (~> 4.0)
    - FirebaseCore (~> 4.0)
    - leveldb-library (~> 1.18)
  - FirebaseDynamicLinks (2.3.0):
    - FirebaseAnalytics (~> 4.0)
  - FirebaseInstanceID (2.0.7)
  - FirebaseInvites (2.0.2):
    - FirebaseAnalytics (~> 4.0)
    - FirebaseDynamicLinks (~> 2.2)
    - GoogleAPIClientForREST (~> 1.0)
    - GoogleSignIn (~> 4.1)
    - GoogleToolboxForMac/Logger (~> 2.1)
    - GoogleToolboxForMac/NSDictionary+URLArguments (~> 2.1)
    - GoogleToolboxForMac/NSString+URLArguments (~> 2.1)
    - GoogleToolboxForMac/StringEncoding (~> 2.1)
    - GoogleToolboxForMac/URLBuilder (~> 2.1)
    - GTMOAuth2 (~> 1.0)
    - GTMSessionFetcher/Core (~> 1.1)
    - GTMSessionFetcher/Full (~> 1.1)
    - Protobuf (~> 3.1)
  - FirebaseMessaging (2.0.7):
    - FirebaseAnalytics (~> 4.0)
    - FirebaseCore (~> 4.0)
    - FirebaseInstanceID (~> 2.0)
    - GoogleToolboxForMac/Logger (~> 2.1)
    - Protobuf (~> 3.1)
  - FirebaseRemoteConfig (2.1.0):
    - FirebaseABTesting (~> 1.0)
    - FirebaseAnalytics (~> 4.0)
    - FirebaseInstanceID (~> 2.0)
    - GoogleToolboxForMac/NSData+zlib (~> 2.1)
    - Protobuf (~> 3.1)
  - FirebaseStorage (2.1.0):
    - FirebaseAnalytics (~> 4.0)
    - FirebaseCore (~> 4.0)
    - GTMSessionFetcher/Core (~> 1.1)
  - Google-Mobile-Ads-SDK (7.26.0)
  - GoogleAPIClientForREST (1.3.2):
    - GoogleAPIClientForREST/Core (= 1.3.2)
    - GTMSessionFetcher (>= 1.1.7)
  - GoogleAPIClientForREST/Core (1.3.2):
    - GTMSessionFetcher (>= 1.1.7)
  - GoogleSignIn (4.1.1):
    - GoogleToolboxForMac/NSDictionary+URLArguments (~> 2.1)
    - GoogleToolboxForMac/NSString+URLArguments (~> 2.1)
    - GTMOAuth2 (~> 1.0)
    - GTMSessionFetcher/Core (~> 1.1)
  - GoogleToolboxForMac/Core (2.1.3):
    - GoogleToolboxForMac/Defines (= 2.1.3)
  - GoogleToolboxForMac/DebugUtils (2.1.3):
    - GoogleToolboxForMac/Defines (= 2.1.3)
  - GoogleToolboxForMac/Defines (2.1.3)
  - GoogleToolboxForMac/Logger (2.1.3):
    - GoogleToolboxForMac/Defines (= 2.1.3)
  - GoogleToolboxForMac/NSData+zlib (2.1.3):
    - GoogleToolboxForMac/Defines (= 2.1.3)
  - GoogleToolboxForMac/NSDictionary+URLArguments (2.1.3):
    - GoogleToolboxForMac/DebugUtils (= 2.1.3)
    - GoogleToolboxForMac/Defines (= 2.1.3)
    - GoogleToolboxForMac/NSString+URLArguments (= 2.1.3)
  - GoogleToolboxForMac/NSString+URLArguments (2.1.3)
  - GoogleToolboxForMac/StringEncoding (2.1.3):
    - GoogleToolboxForMac/Defines (= 2.1.3)
  - GoogleToolboxForMac/URLBuilder (2.1.3):
    - GoogleToolboxForMac/Core (= 2.1.3)
    - GoogleToolboxForMac/Defines (= 2.1.3)
    - GoogleToolboxForMac/NSDictionary+URLArguments (= 2.1.3)
    - GoogleToolboxForMac/NSString+URLArguments (= 2.1.3)
  - GTMOAuth2 (1.1.6):
    - GTMSessionFetcher (~> 1.1)
  - GTMSessionFetcher (1.1.12):
    - GTMSessionFetcher/Full (= 1.1.12)
  - GTMSessionFetcher/Core (1.1.12)
  - GTMSessionFetcher/Full (1.1.12):
    - GTMSessionFetcher/Core (= 1.1.12)
  - leveldb-library (1.20)
  - lottie-ios (2.1.5)
  - nanopb (0.3.8):
    - nanopb/decode (= 0.3.8)
    - nanopb/encode (= 0.3.8)
  - nanopb/decode (0.3.8)
  - nanopb/encode (0.3.8)
  - Protobuf (3.5.0)
  - Realm (3.3.2):
    - Realm/Headers (= 3.3.2)
  - Realm/Headers (3.3.2)
  - RealmSwift (3.3.2):
    - Realm (= 3.3.2)
  - SVProgressHUD (2.2.2)
  - SwiftMessages (4.1.0)
  - SwiftyJSON (3.0.0)
  - ViewAnimator (1.0.5)

DEPENDENCIES:
  - BulletinBoard
  - FacebookCore
  - FacebookLogin
  - FacebookShare
  - FBSDKLoginKit
  - Firebase/AdMob
  - Firebase/Auth
  - Firebase/Core
  - Firebase/Crash
  - Firebase/Database
  - Firebase/DynamicLinks
  - Firebase/Invites
  - Firebase/Messaging
  - Firebase/RemoteConfig
  - Firebase/Storage
  - lottie-ios
  - RealmSwift
  - SVProgressHUD (from `https://github.com/SVProgressHUD/SVProgressHUD.git`)
  - SwiftMessages
  - SwiftyJSON (= 3.0.0)
  - ViewAnimator

EXTERNAL SOURCES:
  SVProgressHUD:
    :git: https://github.com/SVProgressHUD/SVProgressHUD.git

CHECKOUT OPTIONS:
  SVProgressHUD:
    :commit: bb4e4e460d4f8e2ecf20af99797f781e7cc09d8f
    :git: https://github.com/SVProgressHUD/SVProgressHUD.git

SPEC CHECKSUMS:
  Bolts: ac6567323eac61e203f6a9763667d0f711be34c8
  BulletinBoard: 23c9d98cac654fd484d76f2a0655669974e9bd9c
  FacebookCore: 3ffa190a3f1f96cec0e44d3fc221bc322c595ffa
  FacebookLogin: 0af839ea858faef99550d16596b87b4a8e8906e6
  FacebookShare: 0469964297ebd75f052be2c5083389a4208e82b7
  FBSDKCoreKit: 55d7f2ac45d9c4b9b6119f4e43900fe84b9b7b1b
  FBSDKLoginKit: 32ac05c2a59952c363c2e85aafa8f73ba93bcbad
  FBSDKShareKit: 658780d0d108b8ad590a54afb5ac1427bdc8de28
  Firebase: dbfb98ccec2dcfcd21ab9cc1b4981a3f3c8c5e26
  FirebaseABTesting: d07d0ee833b842d5153549e4c7e2e2cb1c23a3f9
  FirebaseAnalytics: 5b02a63ead2c3f0259cfc7f15e053e440587ecf8
  FirebaseAuth: cdeee95b528958dbb7dcf220ad0fb804d3a284b0
  FirebaseCore: 6cf108b63997bc08c04a1ffa55a3ac0d71a59ffc
  FirebaseCrash: a7d980468dc8aa2db9792493c3e02722d601f6ab
  FirebaseDatabase: 18ecb23e15c7f58bb0c4527e9cace06897cc40ca
  FirebaseDynamicLinks: b75f5b4dcfc3c9b7889e1283632359e5431264e7
  FirebaseInstanceID: 148c25c986c8699e67304b114e365713dce467f2
  FirebaseInvites: ae15e0636f9eb42bdf5c1ef4c8f7bd4a88f9878b
  FirebaseMessaging: 1a11d1c0a9ed9b3f75a0685bb0ae5932e1062f5f
  FirebaseRemoteConfig: 451fe8e9c43ac1e7a137ad2a42189bfc8c2c3ebc
  FirebaseStorage: 0930e97994dc79b404179bdfafb6b16f59433a82
  Google-Mobile-Ads-SDK: 22d4a6fe18d526adcc12a86d8cc2d53872700966
  GoogleAPIClientForREST: 4fa84fc61fdeea48dd7088de5c1a864ace18125b
  GoogleSignIn: 3fdaa34a2ba04dbd7a25d7db39aecb0da98d5bdc
  GoogleToolboxForMac: 2501e2ad72a52eb3dfe7bd9aee7dad11b858bd20
  GTMOAuth2: c77fe325e4acd453837e72d91e3b5f13116857b2
  GTMSessionFetcher: ebaa1f79a5366922c1735f1566901f50beba23b7
  leveldb-library: 08cba283675b7ed2d99629a4bc5fd052cd2bb6a5
  lottie-ios: 836cdbba92f62f3c6a00e37a4ce485321fe317cf
  nanopb: 5601e6bca2dbf1ed831b519092ec110f66982ca3
  Protobuf: 8a9838fba8dae3389230e1b7f8c104aa32389c03
  Realm: d927fbf66df5532cfafc08afb5f7e53ded37b894
  RealmSwift: 4e903a494e05d866581d69ad6f7e7b879d446baf
  SVProgressHUD: 59b2d3dabacbd051576d21d32293ca7228dc18b0
  SwiftMessages: 1bacc783c8f10bdfdc57c14860cae8a1f1fa6591
  SwiftyJSON: f57b2b44bc166617372d1c70773591fe9f0f5fd4
  ViewAnimator: d87d691fbcaf994db7ee8fc632afa3073bd3b851

PODFILE CHECKSUM: 62b0818c0d75ac638d4b03002dab34b4df202447

COCOAPODS: 1.4.0
